github.com/agl/ed25519 v0.0.0-20170116200512-5312a6153412 h1:w1UutsfOrms1J05zt7ISrnJIXKzwaspym5BTKGx93EI=
github.com/agl/ed25519 v0.0.0-20170116200512-5312a6153412/go.mod h1:WPjqKcmVOxf0XSf3YxCJs6N6AOSrOx3obionmG7T0y0=
github.com/businessperformancetuning/license v0.0.0-20200906222609-033acf99a883 h1:idZJ7z0RErSwAOXKRCqZpnBNbPLK+iUhPm7m02sf7/A=
github.com/businessperformancetuning/license v0.0.0-20200906222609-033acf99a883/go.mod h1:TPuVe0gJQb7pzQZeZMs9BabOnZFO/mVQQFBCdusM650=
github.com/davecgh/go-spew v1.1.0/go.mod h1:J7Y8YcW2NihsgmVo/mv3lAwl/skON4iLHjSsI+c5H38=
github.com/davecgh/go-spew v1.1.1 h1:vj9j/u1bqnvCEfJOwUhtlOARqs3+rkHYY13jYWTU97c=
github.com/davecgh/go-spew v1.1.1/go.mod h1:J7Y8YcW2NihsgmVo/mv3lAwl/skON4iLHjSsI+c5H38=
github.com/dchest/blake256 v1.0.0 h1:6gUgI5MHdz9g0TdrgKqXsoDX+Zjxmm1Sc6OsoGru50I=
github.com/dchest/blake256 v1.0.0/go.mod h1:xXNWCE1jsAP8DAjP+rKw2MbeqLczjI3TRx2VK+9OEYY=
github.com/decred/base58 v1.0.0 h1:BVi1FQCThIjZ0ehG+I99NJ51o0xcc9A/fDKhmJxY6+w=
github.com/decred/base58 v1.0.0/go.mod h1:LLY1p5e3g91byL/UO1eiZaYd+uRoVRarybgcoymu9Ks=
github.com/decred/dcrd/certgen v1.1.0 h1:lAPE2OLYdYeXDCaji/+KC53j7/s7wF7RVGeQbXK//XA=
github.com/decred/dcrd/certgen v1.1.0/go.mod h1:ivkPLChfjdAgFh7ZQOtl6kJRqVkfrCq67dlq3AbZBQE=
github.com/decred/dcrd/chaincfg v1.5.1 h1:u1Xbq0VTnAXIHW5ECqrWe0VYSgf5vWHqpSiwoLBzxAQ=
github.com/decred/dcrd/chaincfg v1.5.1/go.mod h1:FukMzTjkwzjPU+hK7CqDMQe3NMbSZAYU5PAcsx1wlv0=
github.com/decred/dcrd/chaincfg/chainhash v1.0.1 h1:0vG7U9+dSjSCaHQKdoSKURK2pOb47+b+8FK5q4+Je7M=
github.com/decred/dcrd/chaincfg/chainhash v1.0.1/go.mod h1:OVfvaOsNLS/A1y4Eod0Ip/Lf8qga7VXCQjUQLbkY0Go=
github.com/decred/dcrd/chaincfg/v2 v2.0.2 h1:VeGY52lHuYT01tIGbvYj+OO0GaGxGaJmnh+4vGca1+U=
github.com/decred/dcrd/chaincfg/v2 v2.0.2/go.mod h1:hpKvhLCDAD/xDZ3V1Pqpv9fIKVYYi11DyxETguazyvg=
github.com/decred/dcrd/dcrec v1.0.0 h1:W+z6Es+Rai3MXYVoPAxYr5U1DGis0Co33scJ6uH2J6o=
github.com/decred/dcrd/dcrec v1.0.0/go.mod h1:HIaqbEJQ+PDzQcORxnqen5/V1FR3B4VpIfmePklt8Q8=
github.com/decred/dcrd/dcrec/edwards v1.0.0 h1:UDcPNzclKiJlWqV3x1Fl8xMCJrolo4PB4X9t8LwKDWU=
github.com/decred/dcrd/dcrec/edwards v1.0.0/go.mod h1:HblVh1OfMt7xSxUL1ufjToaEvpbjpWvvTAUx4yem8BI=
github.com/decred/dcrd/dcrec/secp256k1 v1.0.1/go.mod h1:lhu4eZFSfTJWUnR3CFRcpD+Vta0KUAqnhTsTksHXgy0=
github.com/decred/dcrd/dcrec/secp256k1 v1.0.2 h1:awk7sYJ4pGWmtkiGHFfctztJjHMKGLV8jctGQhAbKe0=
github.com/decred/dcrd/dcrec/secp256k1 v1.0.2/go.mod h1:CHTUIVfmDDd0KFVFpNX1pFVCBUegxW387nN0IGwNKR0=
github.com/decred/dcrd/dcrutil v1.4.0 h1:xD5aUqysGQnsnP1c9J0kGeW8lDIwFGC3ja/gE3HnpCs=
github.com/decred/dcrd/dcrutil v1.4.0/go.mod h1:Bs74gm1jQ9ZAbmEh9FWOEZ1HQzlMg5iPATDMzMnCMlQ=
github.com/decred/dcrd/dcrutil/v2 v2.0.0 h1:HTqn2tZ8eqBF4y3hJwjyKBmJt16y7/HjzpE82E/crhY=
github.com/decred/dcrd/dcrutil/v2 v2.0.0/go.mod h1:gUshVAXpd51DlcEhr51QfWL2HJGkMDM1U8chY+9VvQg=
github.com/decred/dcrd/wire v1.2.0 h1:HqJVB7vcklIguzFWgRXw/WYCQ9cD3bUC5TKj53i1Hng=
github.com/decred/dcrd/wire v1.2.0/go.mod h1:/JKOsLInOJu6InN+/zH5AyCq3YDIOW/EqcffvU8fJHM=
github.com/decred/slog v1.0.0/go.mod h1:zR98rEZHSnbZ4WHZtO0iqmSZjDLKhkXfrPTZQKtAonQ=
github.com/decred/slog v1.2.0 h1:soHAxV52B54Di3WtKLfPum9OFfWqwtf/ygf9njdfnPM=
github.com/decred/slog v1.2.0/go.mod h1:kVXlGnt6DHy2fV5OjSeuvCJ0OmlmTF6LFpEPMu/fOY0=
github.com/dustin/go-humanize v1.0.0 h1:VSnTsYCnlFHaM2/igO1h6X3HA71jcobQuxemgkq4zYo=
github.com/dustin/go-humanize v1.0.0/go.mod h1:HtrtbFcZ19U5GC7JDqmcUSB87Iq5E25KnS6fMYU6eOk=
github.com/go-sql-driver/mysql v1.4.0/go.mod h1:zAC/RDZ24gD3HViQzih4MyKcchzm+sOG5ZlKdlhCg5w=
github.com/go-sql-driver/mysql v1.5.0 h1:ozyZYNQW3x3HtqT1jira07DN2PArx2v7/mN66gGcHOs=
github.com/go-sql-driver/mysql v1.5.0/go.mod h1:DCzpHaOWr8IXmIStZouvnhqoel9Qv2LBy8hT2VhHyBg=
github.com/golang/protobuf v1.3.1/go.mod h1:6lQm79b+lXiMfvg/cZm0SGofjICqVBUtrP5yJMmIC1U=
github.com/google/go-cmp v0.5.4 h1:L8R9j+yAqZuZjsqh/z+F1NCffTKKLShY6zXTItVIZ8M=
github.com/google/go-cmp v0.5.4/go.mod h1:v8dTdLbMG2kIc/vJvl+f65V22dbkXbowE6jgT/gNBxE=
github.com/gorilla/csrf v1.7.0/go.mod h1:+a/4tCmqhG6/w4oafeAZ9pEa3/NZOWYVbD9fV0FwIQA=
github.com/gorilla/mux v1.8.0/go.mod h1:DVbg23sWSpFRCP0SfiEN6jmj59UnW/n46BH5rLB71So=
github.com/gorilla/schema v1.2.0 h1:YufUaxZYCKGFuAq3c96BOhjgd5nmXiOY9NGzF247Tsc=
github.com/gorilla/schema v1.2.0/go.mod h1:kgLaKoK1FELgZqMAVxx/5cbj0kT+57qxUrAlIO2eleU=
github.com/gorilla/securecookie v1.1.1/go.mod h1:ra0sb63/xPlUeL+yeDciTfxMRAA+MP+HVt/4epWDjd4=
github.com/gorilla/websocket v1.4.2 h1:+/TMaTYc4QFitKJxsQ7Yye35DkWvkdLcvGKqM+x0Ufc=
github.com/gorilla/websocket v1.4.2/go.mod h1:YR8l580nyteQvAITg2hZ9XVh4b55+EU/adAjf1fMHhE=
github.com/inhies/go-bytesize v0.0.0-20201103132853-d0aed0d254f8 h1:RrGCja4Grfz7QM2hw+SUZIYlbHoqBfbvzlWRT3seXB8=
github.com/inhies/go-bytesize v0.0.0-20201103132853-d0aed0d254f8/go.mod h1:KrtyD5PFj++GKkFS/7/RRrfnRhAMGQwy75GLCHWrCNs=
github.com/jessevdk/go-flags v1.4.0/go.mod h1:4FA24M0QyGHXBuZZK/XkWh8h0e1EYbRYJSGM75WSRxI=
github.com/jessevdk/go-flags v1.5.0 h1:1jKYvbxEjfUl0fmqTCOfonvskHHXMjBySTLW4y9LFvc=
github.com/jessevdk/go-flags v1.5.0/go.mod h1:Fw0T6WPc1dYxT4mKEZRfG5kJhaTDP9pj1c2EWnYs/m4=
github.com/jmoiron/sqlx v1.2.0/go.mod h1:1FEQNm3xlJgrMD+FBdI9+xvCksHtbpVBBw5dYhBSsks=
github.com/jmoiron/sqlx v1.3.3 h1:j82X0bf7oQ27XeqxicSZsTU5suPwKElg3oyxNn43iTk=
github.com/jmoiron/sqlx v1.3.3/go.mod h1:2BljVx/86SuTyjE+aPYlHCTNvZrnJXghYGpNiXLBMCQ=
github.com/jrick/flagfile v0.0.0-20200906235446-2904c79186c7 h1:C8CUDxltI9qEExUKN0+ECPwuwkByCmnibp49S5A8zTY=
github.com/jrick/flagfile v0.0.0-20200906235446-2904c79186c7/go.mod h1:l0b+mDW9wrDmbzSWDxL/8YGmjZQqrKHImR8/r5hRPkU=
github.com/jrick/logrotate v1.0.0 h1:lQ1bL/n9mBNeIXoTUoYRlK4dHuNJVofX9oWqBtPnSzI=
github.com/jrick/logrotate v1.0.0/go.mod h1:LNinyqDIJnpAur+b8yyulnQw/wDuN1+BYKlTRt3OuAQ=
github.com/juju/loggo v0.0.0-20200526014432-9ce3a2e09b5e h1:FdDd7bdI6cjq5vaoYlK1mfQYfF9sF2VZw8VEZMsl5t8=
github.com/juju/loggo v0.0.0-20200526014432-9ce3a2e09b5e/go.mod h1:vgyd7OREkbtVEN/8IXZe5Ooef3LQePvuBm9UWj6ZL8U=
github.com/kr/pretty v0.2.1 h1:Fmg33tUaq4/8ym9TJN1x7sLJnHVwhP33CNkpYV/7rwI=
github.com/kr/pretty v0.2.1/go.mod h1:ipq/a2n7PKx3OHsz4KJII5eveXtPO4qwEXGdVfWzfnI=
github.com/kr/pty v1.1.1/go.mod h1:pFQYn66WHrOpPYNljwOMqo10TkYh1fy3cYio2l3bCsQ=
github.com/kr/text v0.1.0 h1:45sCR5RtlFHMR4UwH9sdQ5TC8v0qDQCHnXt+kaKSTVE=
github.com/kr/text v0.1.0/go.mod h1:4Jbv+DJW3UT/LiOwJeYQe1efqtUx/iVham/4vfdArNI=
github.com/lib/pq v1.0.0/go.mod h1:5WUZQaWbwv1U+lTReE5YruASi9Al49XbQIvNi/34Woo=
github.com/lib/pq v1.2.0/go.mod h1:5WUZQaWbwv1U+lTReE5YruASi9Al49XbQIvNi/34Woo=
github.com/lib/pq v1.8.0/go.mod h1:AlVN5x4E4T544tWzH6hKfbfQvm3HdbOxrmggDNAPY9o=
github.com/lib/pq v1.10.0 h1:Zx5DJFEYQXio93kgXnQ09fXNiUKsqv4OUEu2UtGcB1E=
github.com/lib/pq v1.10.0/go.mod h1:AlVN5x4E4T544tWzH6hKfbfQvm3HdbOxrmggDNAPY9o=
github.com/mattn/go-sqlite3 v1.9.0/go.mod h1:FPy6KqzDD04eiIsT53CuJW3U88zkxoIYsOqkbpncsNc=
github.com/mattn/go-sqlite3 v1.14.6 h1:dNPt6NO46WmLVt2DLNpwczCmdV5boIZ6g/tlDrlRUbg=
github.com/mattn/go-sqlite3 v1.14.6/go.mod h1:NyWgC/yNuGj7Q9rpYnZvas74GogHl5/Z4A/KQRfk6bU=
github.com/pkg/errors v0.9.1/go.mod h1:bwawxfHBFNV+L2hUp1rHADufV3IMtnDRdf1r5NINEl0=
github.com/prometheus/procfs v0.6.0 h1:mxy4L2jP6qMonqmq+aTtOx1ifVWUgG/TAmntgbh3xv4=
github.com/prometheus/procfs v0.6.0/go.mod h1:cz+aTbrPOrUb4q7XlbU9ygM+/jj0fzG6c1xBZuNvfVA=
golang.org/x/crypto v0.0.0-20190308221718-c2843e01d9a2/go.mod h1:djNgcEr1/C05ACkg1iLfiJU5Ep61QUkGW8qpdssI0+w=
golang.org/x/crypto v0.0.0-20190611184440-5c40567a22f8/go.mod h1:yigFU9vqHzYiE8UmvKecakEJjdnWj3jj499lnFckfCI=
golang.org/x/crypto v0.0.0-20210322153248-0c34fe9e7dc2 h1:It14KIkyBFYkHkwZ7k45minvA9aorojkyjGk9KJ5B/w=
golang.org/x/crypto v0.0.0-20210322153248-0c34fe9e7dc2/go.mod h1:T9bdIzuCu7OtxOm1hfPfRQxPLYneinmdGuTeoZ9dtd4=
golang.org/x/net v0.0.0-20190404232315-eb5bcb51f2a3/go.mod h1:t9HGtf8HONx5eT2rtn7q6eTqICYqUVnKs3thJo3Qplg=
golang.org/x/net v0.0.0-20190603091049-60506f45cf65/go.mod h1:HSz+uSET+XFnRR8LxR5pz3Of3rY3CfYBVs4xY44aLks=
golang.org/x/net v0.0.0-20210226172049-e18ecbb05110/go.mod h1:m0MpNAwzfU5UDzcl9v0D8zg8gWTRqZa9RBIspLL5mdg=
golang.org/x/sync v0.0.0-20201207232520-09787c993a3a/go.mod h1:RxMgew5VJxzue5/jJTE5uejpjVlOe/izrB70Jof72aM=
golang.org/x/sync v0.0.0-20210220032951-036812b2e83c h1:5KslGYwFpkhGh+Q16bwMP3cOontH8FOep7tGV86Y7SQ=
golang.org/x/sync v0.0.0-20210220032951-036812b2e83c/go.mod h1:RxMgew5VJxzue5/jJTE5uejpjVlOe/izrB70Jof72aM=
golang.org/x/sys v0.0.0-20190215142949-d0b11bdaac8a/go.mod h1:STP8DvDyc/dI5b8T5hshtkjS+E42TnysNCUPdjciGhY=
golang.org/x/sys v0.0.0-20190412213103-97732733099d/go.mod h1:h1NjWce9XRLGQEsW7wpKNCjG9DtNlClVuFLEZdDNbEs=
golang.org/x/sys v0.0.0-20201119102817-f84b799fce68/go.mod h1:h1NjWce9XRLGQEsW7wpKNCjG9DtNlClVuFLEZdDNbEs=
golang.org/x/sys v0.0.0-20210124154548-22da62e12c0c/go.mod h1:h1NjWce9XRLGQEsW7wpKNCjG9DtNlClVuFLEZdDNbEs=
golang.org/x/sys v0.0.0-20210320140829-1e4c9ba3b0c4 h1:EZ2mChiOa8udjfp6rRmswTbtZN/QzUQp4ptM4rnjHvc=
golang.org/x/sys v0.0.0-20210320140829-1e4c9ba3b0c4/go.mod h1:h1NjWce9XRLGQEsW7wpKNCjG9DtNlClVuFLEZdDNbEs=
golang.org/x/term v0.0.0-20201126162022-7de9c90e9dd1 h1:v+OssWQX+hTHEmOBgwxdZxK4zHq3yOs8F9J7mk0PY8E=
golang.org/x/term v0.0.0-20201126162022-7de9c90e9dd1/go.mod h1:bj7SfCRtBDWHUb9snDiAeCFNEtKQo2Wmx5Cou7ajbmo=
golang.org/x/text v0.3.0/go.mod h1:NqM8EUOU14njkJ3fqMW+pc6Ldnwhi/IjpwHt7yyuwOQ=
golang.org/x/text v0.3.2/go.mod h1:bEr9sfX3Q8Zfm5fL9x+3itogRgK3+ptLWKqgva+5dAk=
golang.org/x/text v0.3.3/go.mod h1:5Zoc/QRtKVWzQhOtBMvqHzDpF6irO9z98xDceosuGiQ=
golang.org/x/tools v0.0.0-20180917221912-90fa682c2a6e/go.mod h1:n7NCudcB/nEzxVGmLbDWY5pfWTLqBcC2KZ6jyYvM4mQ=
golang.org/x/xerrors v0.0.0-20191204190536-9bdfabe68543/go.mod h1:I/5z698sn9Ka8TeJc9MKroUUfqBBauWjQqLJ2OPfmY0=
google.golang.org/appengine v1.6.6/go.mod h1:8WjMMxjGQR8xUklV/ARdw2HLXBOI7O7uCIDZVag1xfc=
gopkg.in/check.v1 v1.0.0-20201130134442-10cb98267c6c h1:Hei/4ADfdWqJk1ZMxUNpqntNwaWcugrBjAiHlqqRiVk=
gopkg.in/check.v1 v1.0.0-20201130134442-10cb98267c6c/go.mod h1:JHkPIbrfpd72SG/EVd6muEfDQjcINNoR0C8j2r3qZ4Q=
